// !$*UTF8*$!
{
	archiveVersion = 1;
	classes = {
	};
	objectVersion = 56;
	objects = {

/* Begin PBXBuildFile section */
		8171B9D12B716EA400E45494 /* HIkeApp.swift in Sources */ = {isa = PBXBuildFile; fileRef = 8171B9D02B716EA400E45494 /* HIkeApp.swift */; };
		8171B9D32B716EA400E45494 /* ContentView.swift in Sources */ = {isa = PBXBuildFile; fileRef = 8171B9D22B716EA400E45494 /* ContentView.swift */; };
		8171B9D52B716EA600E45494 /* Assets.xcassets in Resources */ = {isa = PBXBuildFile; fileRef = 8171B9D42B716EA600E45494 /* Assets.xcassets */; };
		8171B9D82B716EA600E45494 /* Preview Assets.xcassets in Resources */ = {isa = PBXBuildFile; fileRef = 8171B9D72B716EA600E45494 /* Preview Assets.xcassets */; };
		8171B9E22B716EA600E45494 /* HIkeTests.swift in Sources */ = {isa = PBXBuildFile; fileRef = 8171B9E12B716EA600E45494 /* HIkeTests.swift */; };
		8171B9EC2B716EA600E45494 /* HIkeUITests.swift in Sources */ = {isa = PBXBuildFile; fileRef = 8171B9EB2B716EA600E45494 /* HIkeUITests.swift */; };
		8171B9EE2B716EA600E45494 /* HIkeUITestsLaunchTests.swift in Sources */ = {isa = PBXBuildFile; fileRef = 8171B9ED2B716EA600E45494 /* HIkeUITestsLaunchTests.swift */; };
		8171B9FB2B7171E300E45494 /* CardView.swift in Sources */ = {isa = PBXBuildFile; fileRef = 8171B9FA2B7171E300E45494 /* CardView.swift */; };
		8171B9FE2B71738D00E45494 /* CustomBackgroundView.swift in Sources */ = {isa = PBXBuildFile; fileRef = 8171B9FD2B71738D00E45494 /* CustomBackgroundView.swift */; };
		8171BA012B7176D300E45494 /* ColorExtensions.swift in Sources */ = {isa = PBXBuildFile; fileRef = 8171BA002B7176D300E45494 /* ColorExtensions.swift */; };
		8171BA032B717F8700E45494 /* CustomButtonView.swift in Sources */ = {isa = PBXBuildFile; fileRef = 8171BA022B717F8700E45494 /* CustomButtonView.swift */; };
		8171BA052B71BE1700E45494 /* GradientButtonStyle.swift in Sources */ = {isa = PBXBuildFile; fileRef = 8171BA042B71BE1700E45494 /* GradientButtonStyle.swift */; };
		818845CC2B72F543009CDBF0 /* CustomCircleView.swift in Sources */ = {isa = PBXBuildFile; fileRef = 818845CB2B72F543009CDBF0 /* CustomCircleView.swift */; };
		818845CE2B72F736009CDBF0 /* MotionAnimationView.swift in Sources */ = {isa = PBXBuildFile; fileRef = 818845CD2B72F736009CDBF0 /* MotionAnimationView.swift */; };
/* End PBXBuildFile section */

/* Begin PBXContainerItemProxy section */
		8171B9DE2B716EA600E45494 /* PBXContainerItemProxy */ = {
			isa = PBXContainerItemProxy;
			containerPortal = 8171B9C52B716EA400E45494 /* Project object */;
			proxyType = 1;
			remoteGlobalIDString = 8171B9CC2B716EA400E45494;
			remoteInfo = HIke;
		};
		8171B9E82B716EA600E45494 /* PBXContainerItemProxy */ = {
			isa = PBXContainerItemProxy;
			containerPortal = 8171B9C52B716EA400E45494 /* Project object */;
			proxyType = 1;
			remoteGlobalIDString = 8171B9CC2B716EA400E45494;
			remoteInfo = HIke;
		};
/* End PBXContainerItemProxy section */

/* Begin PBXFileReference section */
		8171B9CD2B716EA400E45494 /* HIke.app */ = {isa = PBXFileReference; explicitFileType = wrapper.application; includeInIndex = 0; path = HIke.app; sourceTree = BUILT_PRODUCTS_DIR; };
		8171B9D02B716EA400E45494 /* HIkeApp.swift */ = {isa = PBXFileReference; lastKnownFileType = sourcecode.swift; path = HIkeApp.swift; sourceTree = "<group>"; };
		8171B9D22B716EA400E45494 /* ContentView.swift */ = {isa = PBXFileReference; lastKnownFileType = sourcecode.swift; path = ContentView.swift; sourceTree = "<group>"; };
		8171B9D42B716EA600E45494 /* Assets.xcassets */ = {isa = PBXFileReference; lastKnownFileType = folder.assetcatalog; path = Assets.xcassets; sourceTree = "<group>"; };
		8171B9D72B716EA600E45494 /* Preview Assets.xcassets */ = {isa = PBXFileReference; lastKnownFileType = folder.assetcatalog; path = "Preview Assets.xcassets"; sourceTree = "<group>"; };
		8171B9DD2B716EA600E45494 /* HIkeTests.xctest */ = {isa = PBXFileReference; explicitFileType = wrapper.cfbundle; includeInIndex = 0; path = HIkeTests.xctest; sourceTree = BUILT_PRODUCTS_DIR; };
		8171B9E12B716EA600E45494 /* HIkeTests.swift */ = {isa = PBXFileReference; lastKnownFileType = sourcecode.swift; path = HIkeTests.swift; sourceTree = "<group>"; };
		8171B9E72B716EA600E45494 /* HIkeUITests.xctest */ = {isa = PBXFileReference; explicitFileType = wrapper.cfbundle; includeInIndex = 0; path = HIkeUITests.xctest; sourceTree = BUILT_PRODUCTS_DIR; };
		8171B9EB2B716EA600E45494 /* HIkeUITests.swift */ = {isa = PBXFileReference; lastKnownFileType = sourcecode.swift; path = HIkeUITests.swift; sourceTree = "<group>"; };
		8171B9ED2B716EA600E45494 /* HIkeUITestsLaunchTests.swift */ = {isa = PBXFileReference; lastKnownFileType = sourcecode.swift; path = HIkeUITestsLaunchTests.swift; sourceTree = "<group>"; };
		8171B9FA2B7171E300E45494 /* CardView.swift */ = {isa = PBXFileReference; lastKnownFileType = sourcecode.swift; path = CardView.swift; sourceTree = "<group>"; };
		8171B9FD2B71738D00E45494 /* CustomBackgroundView.swift */ = {isa = PBXFileReference; lastKnownFileType = sourcecode.swift; path = CustomBackgroundView.swift; sourceTree = "<group>"; };
		8171BA002B7176D300E45494 /* ColorExtensions.swift */ = {isa = PBXFileReference; lastKnownFileType = sourcecode.swift; path = ColorExtensions.swift; sourceTree = "<group>"; };
		8171BA022B717F8700E45494 /* CustomButtonView.swift */ = {isa = PBXFileReference; lastKnownFileType = sourcecode.swift; path = CustomButtonView.swift; sourceTree = "<group>"; };
		8171BA042B71BE1700E45494 /* GradientButtonStyle.swift */ = {isa = PBXFileReference; lastKnownFileType = sourcecode.swift; path = GradientButtonStyle.swift; sourceTree = "<group>"; };
		818845CB2B72F543009CDBF0 /* CustomCircleView.swift */ = {isa = PBXFileReference; lastKnownFileType = sourcecode.swift; path = CustomCircleView.swift; sourceTree = "<group>"; };
		818845CD2B72F736009CDBF0 /* MotionAnimationView.swift */ = {isa = PBXFileReference; lastKnownFileType = sourcecode.swift; path = MotionAnimationView.swift; sourceTree = "<group>"; };
/* End PBXFileReference section */

/* Begin PBXFrameworksBuildPhase section */
		8171B9CA2B716EA400E45494 /* Frameworks */ = {
			isa = PBXFrameworksBuildPhase;
			buildActionMask = 2147483647;
			files = (
			);
			runOnlyForDeploymentPostprocessing = 0;
		};
		8171B9DA2B716EA600E45494 /* Frameworks */ = {
			isa = PBXFrameworksBuildPhase;
			buildActionMask = 2147483647;
			files = (
			);
			runOnlyForDeploymentPostprocessing = 0;
		};
		8171B9E42B716EA600E45494 /* Frameworks */ = {
			isa = PBXFrameworksBuildPhase;
			buildActionMask = 2147483647;
			files = (
			);
			runOnlyForDeploymentPostprocessing = 0;
		};
/* End PBXFrameworksBuildPhase section */

/* Begin PBXGroup section */
		8171B9C42B716EA400E45494 = {
			isa = PBXGroup;
			children = (
				8171B9CF2B716EA400E45494 /* HIke */,
				8171B9E02B716EA600E45494 /* HIkeTests */,
				8171B9EA2B716EA600E45494 /* HIkeUITests */,
				8171B9CE2B716EA400E45494 /* Products */,
			);
			sourceTree = "<group>";
		};
		8171B9CE2B716EA400E45494 /* Products */ = {
			isa = PBXGroup;
			children = (
				8171B9CD2B716EA400E45494 /* HIke.app */,
				8171B9DD2B716EA600E45494 /* HIkeTests.xctest */,
				8171B9E72B716EA600E45494 /* HIkeUITests.xctest */,
			);
			name = Products;
			sourceTree = "<group>";
		};
		8171B9CF2B716EA400E45494 /* HIke */ = {
			isa = PBXGroup;
			children = (
				8171B9FF2B7176BB00E45494 /* Utility */,
				8171B9D02B716EA400E45494 /* HIkeApp.swift */,
				8171B9D22B716EA400E45494 /* ContentView.swift */,
				8171B9D42B716EA600E45494 /* Assets.xcassets */,
				8171B9D62B716EA600E45494 /* Preview Content */,
				8171B9FC2B71736400E45494 /* Components */,
			);
			path = HIke;
			sourceTree = "<group>";
		};
		8171B9D62B716EA600E45494 /* Preview Content */ = {
			isa = PBXGroup;
			children = (
				8171B9D72B716EA600E45494 /* Preview Assets.xcassets */,
			);
			path = "Preview Content";
			sourceTree = "<group>";
		};
		8171B9E02B716EA600E45494 /* HIkeTests */ = {
			isa = PBXGroup;
			children = (
				8171B9E12B716EA600E45494 /* HIkeTests.swift */,
			);
			path = HIkeTests;
			sourceTree = "<group>";
		};
		8171B9EA2B716EA600E45494 /* HIkeUITests */ = {
			isa = PBXGroup;
			children = (
				8171B9EB2B716EA600E45494 /* HIkeUITests.swift */,
				8171B9ED2B716EA600E45494 /* HIkeUITestsLaunchTests.swift */,
			);
			path = HIkeUITests;
			sourceTree = "<group>";
		};
		8171B9FC2B71736400E45494 /* Components */ = {
			isa = PBXGroup;
			children = (
				8171B9FA2B7171E300E45494 /* CardView.swift */,
				8171B9FD2B71738D00E45494 /* CustomBackgroundView.swift */,
				8171BA022B717F8700E45494 /* CustomButtonView.swift */,
				818845CB2B72F543009CDBF0 /* CustomCircleView.swift */,
				818845CD2B72F736009CDBF0 /* MotionAnimationView.swift */,
			);
			path = Components;
			sourceTree = "<group>";
		};
		8171B9FF2B7176BB00E45494 /* Utility */ = {
			isa = PBXGroup;
			children = (
				8171BA002B7176D300E45494 /* ColorExtensions.swift */,
				8171BA042B71BE1700E45494 /* GradientButtonStyle.swift */,
			);
			path = Utility;
			sourceTree = "<group>";
		};
/* End PBXGroup section */

/* Begin PBXNativeTarget section */
		8171B9CC2B716EA400E45494 /* HIke */ = {
			isa = PBXNativeTarget;
			buildConfigurationList = 8171B9F12B716EA600E45494 /* Build configuration list for PBXNativeTarget "HIke" */;
			buildPhases = (
				8171B9C92B716EA400E45494 /* Sources */,
				8171B9CA2B716EA400E45494 /* Frameworks */,
				8171B9CB2B716EA400E45494 /* Resources */,
			);
			buildRules = (
			);
			dependencies = (
			);
			name = HIke;
			productName = HIke;
			productReference = 8171B9CD2B716EA400E45494 /* HIke.app */;
			productType = "com.apple.product-type.application";
		};
		8171B9DC2B716EA600E45494 /* HIkeTests */ = {
			isa = PBXNativeTarget;
			buildConfigurationList = 8171B9F42B716EA600E45494 /* Build configuration list for PBXNativeTarget "HIkeTests" */;
			buildPhases = (
				8171B9D92B716EA600E45494 /* Sources */,
				8171B9DA2B716EA600E45494 /* Frameworks */,
				8171B9DB2B716EA600E45494 /* Resources */,
			);
			buildRules = (
			);
			dependencies = (
				8171B9DF2B716EA600E45494 /* PBXTargetDependency */,
			);
			name = HIkeTests;
			productName = HIkeTests;
			productReference = 8171B9DD2B716EA600E45494 /* HIkeTests.xctest */;
			productType = "com.apple.product-type.bundle.unit-test";
		};
		8171B9E62B716EA600E45494 /* HIkeUITests */ = {
			isa = PBXNativeTarget;
			buildConfigurationList = 8171B9F72B716EA600E45494 /* Build configuration list for PBXNativeTarget "HIkeUITests" */;
			buildPhases = (
				8171B9E32B716EA600E45494 /* Sources */,
				8171B9E42B716EA600E45494 /* Frameworks */,
				8171B9E52B716EA600E45494 /* Resources */,
			);
			buildRules = (
			);
			dependencies = (
				8171B9E92B716EA600E45494 /* PBXTargetDependency */,
			);
			name = HIkeUITests;
			productName = HIkeUITests;
			productReference = 8171B9E72B716EA600E45494 /* HIkeUITests.xctest */;
			productType = "com.apple.product-type.bundle.ui-testing";
		};
/* End PBXNativeTarget section */

/* Begin PBXProject section */
		8171B9C52B716EA400E45494 /* Project object */ = {
			isa = PBXProject;
			attributes = {
				BuildIndependentTargetsInParallel = 1;
				LastSwiftUpdateCheck = 1510;
				LastUpgradeCheck = 1510;
				TargetAttributes = {
					8171B9CC2B716EA400E45494 = {
						CreatedOnToolsVersion = 15.1;
					};
					8171B9DC2B716EA600E45494 = {
						CreatedOnToolsVersion = 15.1;
						TestTargetID = 8171B9CC2B716EA400E45494;
					};
					8171B9E62B716EA600E45494 = {
						CreatedOnToolsVersion = 15.1;
						TestTargetID = 8171B9CC2B716EA400E45494;
					};
				};
			};
			buildConfigurationList = 8171B9C82B716EA400E45494 /* Build configuration list for PBXProject "HIke" */;
			compatibilityVersion = "Xcode 14.0";
			developmentRegion = en;
			hasScannedForEncodings = 0;
			knownRegions = (
				en,
				Base,
			);
			mainGroup = 8171B9C42B716EA400E45494;
			productRefGroup = 8171B9CE2B716EA400E45494 /* Products */;
			projectDirPath = "";
			projectRoot = "";
			targets = (
				8171B9CC2B716EA400E45494 /* HIke */,
				8171B9DC2B716EA600E45494 /* HIkeTests */,
				8171B9E62B716EA600E45494 /* HIkeUITests */,
			);
		};
/* End PBXProject section */

/* Begin PBXResourcesBuildPhase section */
		8171B9CB2B716EA400E45494 /* Resources */ = {
			isa = PBXResourcesBuildPhase;
			buildActionMask = 2147483647;
			files = (
				8171B9D82B716EA600E45494 /* Preview Assets.xcassets in Resources */,
				8171B9D52B716EA600E45494 /* Assets.xcassets in Resources */,
			);
			runOnlyForDeploymentPostprocessing = 0;
		};
		8171B9DB2B716EA600E45494 /* Resources */ = {
			isa = PBXResourcesBuildPhase;
			buildActionMask = 2147483647;
			files = (
			);
			runOnlyForDeploymentPostprocessing = 0;
		};
		8171B9E52B716EA600E45494 /* Resources */ = {
			isa = PBXResourcesBuildPhase;
			buildActionMask = 2147483647;
			files = (
			);
			runOnlyForDeploymentPostprocessing = 0;
		};
/* End PBXResourcesBuildPhase section */

/* Begin PBXSourcesBuildPhase section */
		8171B9C92B716EA400E45494 /* Sources */ = {
			isa = PBXSourcesBuildPhase;
			buildActionMask = 2147483647;
			files = (
				8171B9D32B716EA400E45494 /* ContentView.swift in Sources */,
				818845CC2B72F543009CDBF0 /* CustomCircleView.swift in Sources */,
				8171BA012B7176D300E45494 /* ColorExtensions.swift in Sources */,
				8171B9FB2B7171E300E45494 /* CardView.swift in Sources */,
				8171BA032B717F8700E45494 /* CustomButtonView.swift in Sources */,
				8171BA052B71BE1700E45494 /* GradientButtonStyle.swift in Sources */,
				818845CE2B72F736009CDBF0 /* MotionAnimationView.swift in Sources */,
				8171B9D12B716EA400E45494 /* HIkeApp.swift in Sources */,
				8171B9FE2B71738D00E45494 /* CustomBackgroundView.swift in Sources */,
			);
			runOnlyForDeploymentPostprocessing = 0;
		};
		8171B9D92B716EA600E45494 /* Sources */ = {
			isa = PBXSourcesBuildPhase;
			buildActionMask = 2147483647;
			files = (
				8171B9E22B716EA600E45494 /* HIkeTests.swift in Sources */,
			);
			runOnlyForDeploymentPostprocessing = 0;
		};
		8171B9E32B716EA600E45494 /* Sources */ = {
			isa = PBXSourcesBuildPhase;
			buildActionMask = 2147483647;
			files = (
				8171B9EC2B716EA600E45494 /* HIkeUITests.swift in Sources */,
				8171B9EE2B716EA600E45494 /* HIkeUITestsLaunchTests.swift in Sources */,
			);
			runOnlyForDeploymentPostprocessing = 0;
		};
/* End PBXSourcesBuildPhase section */

/* Begin PBXTargetDependency section */
		8171B9DF2B716EA600E45494 /* PBXTargetDependency */ = {
			isa = PBXTargetDependency;
			target = 8171B9CC2B716EA400E45494 /* HIke */;
			targetProxy = 8171B9DE2B716EA600E45494 /* PBXContainerItemProxy */;
		};
		8171B9E92B716EA600E45494 /* PBXTargetDependency */ = {
			isa = PBXTargetDependency;
			target = 8171B9CC2B716EA400E45494 /* HIke */;
			targetProxy = 8171B9E82B716EA600E45494 /* PBXContainerItemProxy */;
		};
/* End PBXTargetDependency section */

/* Begin XCBuildConfiguration section */
		8171B9EF2B716EA600E45494 /* Debug */ = {
			isa = XCBuildConfiguration;
			buildSettings = {
				ALWAYS_SEARCH_USER_PATHS = NO;
				ASSETCATALOG_COMPILER_GENERATE_SWIFT_ASSET_SYMBOL_EXTENSIONS = YES;
				CLANG_ANALYZER_NONNULL = YES;
				CLANG_ANALYZER_NUMBER_OBJECT_CONVERSION = YES_AGGRESSIVE;
				CLANG_CXX_LANGUAGE_STANDARD = "gnu++20";
				CLANG_ENABLE_MODULES = YES;
				CLANG_ENABLE_OBJC_ARC = YES;
				CLANG_ENABLE_OBJC_WEAK = YES;
				CLANG_WARN_BLOCK_CAPTURE_AUTORELEASING = YES;
				CLANG_WARN_BOOL_CONVERSION = YES;
				CLANG_WARN_COMMA = YES;
				CLANG_WARN_CONSTANT_CONVERSION = YES;
				CLANG_WARN_DEPRECATED_OBJC_IMPLEMENTATIONS = YES;
				CLANG_WARN_DIRECT_OBJC_ISA_USAGE = YES_ERROR;
				CLANG_WARN_DOCUMENTATION_COMMENTS = YES;
				CLANG_WARN_EMPTY_BODY = YES;
				CLANG_WARN_ENUM_CONVERSION = YES;
				CLANG_WARN_INFINITE_RECURSION = YES;
				CLANG_WARN_INT_CONVERSION = YES;
				CLANG_WARN_NON_LITERAL_NULL_CONVERSION = YES;
				CLANG_WARN_OBJC_IMPLICIT_RETAIN_SELF = YES;
				CLANG_WARN_OBJC_LITERAL_CONVERSION = YES;
				CLANG_WARN_OBJC_ROOT_CLASS = YES_ERROR;
				CLANG_WARN_QUOTED_INCLUDE_IN_FRAMEWORK_HEADER = YES;
				CLANG_WARN_RANGE_LOOP_ANALYSIS = YES;
				CLANG_WARN_STRICT_PROTOTYPES = YES;
				CLANG_WARN_SUSPICIOUS_MOVE = YES;
				CLANG_WARN_UNGUARDED_AVAILABILITY = YES_AGGRESSIVE;
				CLANG_WARN_UNREACHABLE_CODE = YES;
				CLANG_WARN__DUPLICATE_METHOD_MATCH = YES;
				COPY_PHASE_STRIP = NO;
				DEBUG_INFORMATION_FORMAT = dwarf;
				ENABLE_STRICT_OBJC_MSGSEND = YES;
				ENABLE_TESTABILITY = YES;
				ENABLE_USER_SCRIPT_SANDBOXING = YES;
				GCC_C_LANGUAGE_STANDARD = gnu17;
				GCC_DYNAMIC_NO_PIC = NO;
				GCC_NO_COMMON_BLOCKS = YES;
				GCC_OPTIMIZATION_LEVEL = 0;
				GCC_PREPROCESSOR_DEFINITIONS = (
					"DEBUG=1",
					"$(inherited)",
				);
				GCC_WARN_64_TO_32_BIT_CONVERSION = YES;
				GCC_WARN_ABOUT_RETURN_TYPE = YES_ERROR;
				GCC_WARN_UNDECLARED_SELECTOR = YES;
				GCC_WARN_UNINITIALIZED_AUTOS = YES_AGGRESSIVE;
				GCC_WARN_UNUSED_FUNCTION = YES;
				GCC_WARN_UNUSED_VARIABLE = YES;
				IPHONEOS_DEPLOYMENT_TARGET = 17.2;
				LOCALIZATION_PREFERS_STRING_CATALOGS = YES;
				MTL_ENABLE_DEBUG_INFO = INCLUDE_SOURCE;
				MTL_FAST_MATH = YES;
				ONLY_ACTIVE_ARCH = YES;
				SDKROOT = iphoneos;
				SWIFT_ACTIVE_COMPILATION_CONDITIONS = "DEBUG $(inherited)";
				SWIFT_OPTIMIZATION_LEVEL = "-Onone";
			};
			name = Debug;
		};
		8171B9F02B716EA600E45494 /* Release */ = {
			isa = XCBuildConfiguration;
			buildSettings = {
				ALWAYS_SEARCH_USER_PATHS = NO;
				ASSETCATALOG_COMPILER_GENERATE_SWIFT_ASSET_SYMBOL_EXTENSIONS = YES;
				CLANG_ANALYZER_NONNULL = YES;
				CLANG_ANALYZER_NUMBER_OBJECT_CONVERSION = YES_AGGRESSIVE;
				CLANG_CXX_LANGUAGE_STANDARD = "gnu++20";
				CLANG_ENABLE_MODULES = YES;
				CLANG_ENABLE_OBJC_ARC = YES;
				CLANG_ENABLE_OBJC_WEAK = YES;
				CLANG_WARN_BLOCK_CAPTURE_AUTORELEASING = YES;
				CLANG_WARN_BOOL_CONVERSION = YES;
				CLANG_WARN_COMMA = YES;
				CLANG_WARN_CONSTANT_CONVERSION = YES;
				CLANG_WARN_DEPRECATED_OBJC_IMPLEMENTATIONS = YES;
				CLANG_WARN_DIRECT_OBJC_ISA_USAGE = YES_ERROR;
				CLANG_WARN_DOCUMENTATION_COMMENTS = YES;
				CLANG_WARN_EMPTY_BODY = YES;
				CLANG_WARN_ENUM_CONVERSION = YES;
				CLANG_WARN_INFINITE_RECURSION = YES;
				CLANG_WARN_INT_CONVERSION = YES;
				CLANG_WARN_NON_LITERAL_NULL_CONVERSION = YES;
				CLANG_WARN_OBJC_IMPLICIT_RETAIN_SELF = YES;
				CLANG_WARN_OBJC_LITERAL_CONVERSION = YES;
				CLANG_WARN_OBJC_ROOT_CLASS = YES_ERROR;
				CLANG_WARN_QUOTED_INCLUDE_IN_FRAMEWORK_HEADER = YES;
				CLANG_WARN_RANGE_LOOP_ANALYSIS = YES;
				CLANG_WARN_STRICT_PROTOTYPES = YES;
				CLANG_WARN_SUSPICIOUS_MOVE = YES;
				CLANG_WARN_UNGUARDED_AVAILABILITY = YES_AGGRESSIVE;
				CLANG_WARN_UNREACHABLE_CODE = YES;
				CLANG_WARN__DUPLICATE_METHOD_MATCH = YES;
				COPY_PHASE_STRIP = NO;
				DEBUG_INFORMATION_FORMAT = "dwarf-with-dsym";
				ENABLE_NS_ASSERTIONS = NO;
				ENABLE_STRICT_OBJC_MSGSEND = YES;
				ENABLE_USER_SCRIPT_SANDBOXING = YES;
				GCC_C_LANGUAGE_STANDARD = gnu17;
				GCC_NO_COMMON_BLOCKS = YES;
				GCC_WARN_64_TO_32_BIT_CONVERSION = YES;
				GCC_WARN_ABOUT_RETURN_TYPE = YES_ERROR;
				GCC_WARN_UNDECLARED_SELECTOR = YES;
				GCC_WARN_UNINITIALIZED_AUTOS = YES_AGGRESSIVE;
				GCC_WARN_UNUSED_FUNCTION = YES;
				GCC_WARN_UNUSED_VARIABLE = YES;
				IPHONEOS_DEPLOYMENT_TARGET = 17.2;
				LOCALIZATION_PREFERS_STRING_CATALOGS = YES;
				MTL_ENABLE_DEBUG_INFO = NO;
				MTL_FAST_MATH = YES;
				SDKROOT = iphoneos;
				SWIFT_COMPILATION_MODE = wholemodule;
				VALIDATE_PRODUCT = YES;
			};
			name = Release;
		};
		8171B9F22B716EA600E45494 /* Debug */ = {
			isa = XCBuildConfiguration;
			buildSettings = {
				ASSETCATALOG_COMPILER_APPICON_NAME = AppIcon;
				ASSETCATALOG_COMPILER_GLOBAL_ACCENT_COLOR_NAME = AccentColor;
				CODE_SIGN_STYLE = Automatic;
				CURRENT_PROJECT_VERSION = 1;
				DEVELOPMENT_ASSET_PATHS = "\"HIke/Preview Content\"";
				DEVELOPMENT_TEAM = 89XL2U9KQ5;
				ENABLE_PREVIEWS = YES;
				GENERATE_INFOPLIST_FILE = YES;
				INFOPLIST_KEY_UIApplicationSceneManifest_Generation = YES;
				INFOPLIST_KEY_UIApplicationSupportsIndirectInputEvents = YES;
				INFOPLIST_KEY_UILaunchScreen_Generation = YES;
				INFOPLIST_KEY_UISupportedInterfaceOrientations_iPad = "UIInterfaceOrientationPortrait UIInterfaceOrientationPortraitUpsideDown UIInterfaceOrientationLandscapeLeft UIInterfaceOrientationLandscapeRight";
				INFOPLIST_KEY_UISupportedInterfaceOrientations_iPhone = "UIInterfaceOrientationPortrait UIInterfaceOrientationLandscapeLeft UIInterfaceOrientationLandscapeRight";
				LD_RUNPATH_SEARCH_PATHS = (
					"$(inherited)",
					"@executable_path/Frameworks",
				);
				MARKETING_VERSION = 1.0;
				PRODUCT_BUNDLE_IDENTIFIER = com.skwithios.HIke;
				PRODUCT_NAME = "$(TARGET_NAME)";
				SWIFT_EMIT_LOC_STRINGS = YES;
				SWIFT_VERSION = 5.0;
				TARGETED_DEVICE_FAMILY = "1,2";
			};
			name = Debug;
		};
		8171B9F32B716EA600E45494 /* Release */ = {
			isa = XCBuildConfiguration;
			buildSettings = {
				ASSETCATALOG_COMPILER_APPICON_NAME = AppIcon;
				ASSETCATALOG_COMPILER_GLOBAL_ACCENT_COLOR_NAME = AccentColor;
				CODE_SIGN_STYLE = Automatic;
				CURRENT_PROJECT_VERSION = 1;
				DEVELOPMENT_ASSET_PATHS = "\"HIke/Preview Content\"";
				DEVELOPMENT_TEAM = 89XL2U9KQ5;
				ENABLE_PREVIEWS = YES;
				GENERATE_INFOPLIST_FILE = YES;
				INFOPLIST_KEY_UIApplicationSceneManifest_Generation = YES;
				INFOPLIST_KEY_UIApplicationSupportsIndirectInputEvents = YES;
				INFOPLIST_KEY_UILaunchScreen_Generation = YES;
				INFOPLIST_KEY_UISupportedInterfaceOrientations_iPad = "UIInterfaceOrientationPortrait UIInterfaceOrientationPortraitUpsideDown UIInterfaceOrientationLandscapeLeft UIInterfaceOrientationLandscapeRight";
				INFOPLIST_KEY_UISupportedInterfaceOrientations_iPhone = "UIInterfaceOrientationPortrait UIInterfaceOrientationLandscapeLeft UIInterfaceOrientationLandscapeRight";
				LD_RUNPATH_SEARCH_PATHS = (
					"$(inherited)",
					"@executable_path/Frameworks",
				);
				MARKETING_VERSION = 1.0;
				PRODUCT_BUNDLE_IDENTIFIER = com.skwithios.HIke;
				PRODUCT_NAME = "$(TARGET_NAME)";
				SWIFT_EMIT_LOC_STRINGS = YES;
				SWIFT_VERSION = 5.0;
				TARGETED_DEVICE_FAMILY = "1,2";
			};
			name = Release;
		};
		8171B9F52B716EA600E45494 /* Debug */ = {
			isa = XCBuildConfiguration;
			buildSettings = {
				ALWAYS_EMBED_SWIFT_STANDARD_LIBRARIES = YES;
				BUNDLE_LOADER = "$(TEST_HOST)";
				CODE_SIGN_STYLE = Automatic;
				CURRENT_PROJECT_VERSION = 1;
				DEVELOPMENT_TEAM = 89XL2U9KQ5;
				GENERATE_INFOPLIST_FILE = YES;
				IPHONEOS_DEPLOYMENT_TARGET = 17.2;
				MARKETING_VERSION = 1.0;
				PRODUCT_BUNDLE_IDENTIFIER = com.skwithios.HIkeTests;
				PRODUCT_NAME = "$(TARGET_NAME)";
				SWIFT_EMIT_LOC_STRINGS = NO;
				SWIFT_VERSION = 5.0;
				TARGETED_DEVICE_FAMILY = "1,2";
				TEST_HOST = "$(BUILT_PRODUCTS_DIR)/HIke.app/$(BUNDLE_EXECUTABLE_FOLDER_PATH)/HIke";
			};
			name = Debug;
		};
		8171B9F62B716EA600E45494 /* Release */ = {
			isa = XCBuildConfiguration;
			buildSettings = {
				ALWAYS_EMBED_SWIFT_STANDARD_LIBRARIES = YES;
				BUNDLE_LOADER = "$(TEST_HOST)";
				CODE_SIGN_STYLE = Automatic;
				CURRENT_PROJECT_VERSION = 1;
				DEVELOPMENT_TEAM = 89XL2U9KQ5;
				GENERATE_INFOPLIST_FILE = YES;
				IPHONEOS_DEPLOYMENT_TARGET = 17.2;
				MARKETING_VERSION = 1.0;
				PRODUCT_BUNDLE_IDENTIFIER = com.skwithios.HIkeTests;
				PRODUCT_NAME = "$(TARGET_NAME)";
				SWIFT_EMIT_LOC_STRINGS = NO;
				SWIFT_VERSION = 5.0;
				TARGETED_DEVICE_FAMILY = "1,2";
				TEST_HOST = "$(BUILT_PRODUCTS_DIR)/HIke.app/$(BUNDLE_EXECUTABLE_FOLDER_PATH)/HIke";
			};
			name = Release;
		};
		8171B9F82B716EA600E45494 /* Debug */ = {
			isa = XCBuildConfiguration;
			buildSettings = {
				ALWAYS_EMBED_SWIFT_STANDARD_LIBRARIES = YES;
				CODE_SIGN_STYLE = Automatic;
				CURRENT_PROJECT_VERSION = 1;
				DEVELOPMENT_TEAM = 89XL2U9KQ5;
				GENERATE_INFOPLIST_FILE = YES;
				MARKETING_VERSION = 1.0;
				PRODUCT_BUNDLE_IDENTIFIER = com.skwithios.HIkeUITests;
				PRODUCT_NAME = "$(TARGET_NAME)";
				SWIFT_EMIT_LOC_STRINGS = NO;
				SWIFT_VERSION = 5.0;
				TARGETED_DEVICE_FAMILY = "1,2";
				TEST_TARGET_NAME = HIke;
			};
			name = Debug;
		};
		8171B9F92B716EA600E45494 /* Release */ = {
			isa = XCBuildConfiguration;
			buildSettings = {
				ALWAYS_EMBED_SWIFT_STANDARD_LIBRARIES = YES;
				CODE_SIGN_STYLE = Automatic;
				CURRENT_PROJECT_VERSION = 1;
				DEVELOPMENT_TEAM = 89XL2U9KQ5;
				GENERATE_INFOPLIST_FILE = YES;
				MARKETING_VERSION = 1.0;
				PRODUCT_BUNDLE_IDENTIFIER = com.skwithios.HIkeUITests;
				PRODUCT_NAME = "$(TARGET_NAME)";
				SWIFT_EMIT_LOC_STRINGS = NO;
				SWIFT_VERSION = 5.0;
				TARGETED_DEVICE_FAMILY = "1,2";
				TEST_TARGET_NAME = HIke;
			};
			name = Release;
		};
/* End XCBuildConfiguration section */

/* Begin XCConfigurationList section */
		8171B9C82B716EA400E45494 /* Build configuration list for PBXProject "HIke" */ = {
			isa = XCConfigurationList;
			buildConfigurations = (
				8171B9EF2B716EA600E45494 /* Debug */,
				8171B9F02B716EA600E45494 /* Release */,
			);
			defaultConfigurationIsVisible = 0;
			defaultConfigurationName = Release;
		};
		8171B9F12B716EA600E45494 /* Build configuration list for PBXNativeTarget "HIke" */ = {
			isa = XCConfigurationList;
			buildConfigurations = (
				8171B9F22B716EA600E45494 /* Debug */,
				8171B9F32B716EA600E45494 /* Release */,
			);
			defaultConfigurationIsVisible = 0;
			defaultConfigurationName = Release;
		};
		8171B9F42B716EA600E45494 /* Build configuration list for PBXNativeTarget "HIkeTests" */ = {
			isa = XCConfigurationList;
			buildConfigurations = (
				8171B9F52B716EA600E45494 /* Debug */,
				8171B9F62B716EA600E45494 /* Release */,
			);
			defaultConfigurationIsVisible = 0;
			defaultConfigurationName = Release;
		};
		8171B9F72B716EA600E45494 /* Build configuration list for PBXNativeTarget "HIkeUITests" */ = {
			isa = XCConfigurationList;
			buildConfigurations = (
				8171B9F82B716EA600E45494 /* Debug */,
				8171B9F92B716EA600E45494 /* Release */,
			);
			defaultConfigurationIsVisible = 0;
			defaultConfigurationName = Release;
		};
/* End XCConfigurationList section */
	};
	rootObject = 8171B9C52B716EA400E45494 /* Project object */;
}
